
Microsoft Visual Studio Solution File, Format Version 12.00
# Visual Studio Version 17
VisualStudioVersion = 17.3.32901.215
MinimumVisualStudioVersion = 10.0.40219.1
Project("{FAE04EC0-301F-11D3-BF4B-00C04F79EFBC}") = "Spectr", "Spectr\Spectr.csproj", "{F44040BC-D1F6-4763-AD59-F3AA0E1038EE}"
EndProject
Global
	GlobalSection(SolutionConfigurationPlatforms) = preSolution
		Debug|Any CPU = Debug|Any CPU
		Release|Any CPU = Release|Any CPU
	EndGlobalSection
	GlobalSection(ProjectConfigurationPlatforms) = postSolution
		{F44040BC-D1F6-4763-AD59-F3AA0E1038EE}.Debug|Any CPU.ActiveCfg = Debug|Any CPU
		{F44040BC-D1F6-4763-AD59-F3AA0E1038EE}.Debug|Any CPU.Build.0 = Debug|Any CPU
		{F44040BC-D1F6-4763-AD59-F3AA0E1038EE}.Release|Any CPU.ActiveCfg = Release|Any CPU
		{F44040BC-D1F6-4763-AD59-F3AA0E1038EE}.Release|Any CPU.Build.0 = Release|Any CPU
	EndGlobalSection
	GlobalSection(SolutionProperties) = preSolution
		HideSolutionNode = FALSE
	EndGlobalSection
	GlobalSection(ExtensibilityGlobals) = postSolution
		SolutionGuid = {3BFE9382-1F8A-4097-B85A-8F1D91126BD0}
	EndGlobalSection
EndGlobal
